// !$*UTF8*$!
{
	archiveVersion = 1;
	classes = {
	};
	objectVersion = 50;
	objects = {

/* Begin PBXBuildFile section */
		B7AD355620ABC2D8008FEB00 /* AppDelegate.swift in Sources */ = {isa = PBXBuildFile; fileRef = B7AD355520ABC2D8008FEB00 /* AppDelegate.swift */; };
		B7AD355820ABC2D8008FEB00 /* ViewControler.swift in Sources */ = {isa = PBXBuildFile; fileRef = B7AD355720ABC2D8008FEB00 /* ViewControler.swift */; };
		B7AD355B20ABC2D8008FEB00 /* Main.storyboard in Resources */ = {isa = PBXBuildFile; fileRef = B7AD355920ABC2D8008FEB00 /* Main.storyboard */; };
		B7AD355D20ABC2DA008FEB00 /* Assets.xcassets in Resources */ = {isa = PBXBuildFile; fileRef = B7AD355C20ABC2DA008FEB00 /* Assets.xcassets */; };
		B7AD356020ABC2DA008FEB00 /* LaunchScreen.storyboard in Resources */ = {isa = PBXBuildFile; fileRef = B7AD355E20ABC2DA008FEB00 /* LaunchScreen.storyboard */; };
		B7AD357220ABC811008FEB00 /* DetalhesViewController.swift in Sources */ = {isa = PBXBuildFile; fileRef = B7AD357120ABC811008FEB00 /* DetalhesViewController.swift */; };
/* End PBXBuildFile section */

/* Begin PBXFileReference section */
		B7AD355220ABC2D8008FEB00 /* Cara ou Coroa.app */ = {isa = PBXFileReference; explicitFileType = wrapper.application; includeInIndex = 0; path = "Cara ou Coroa.app"; sourceTree = BUILT_PRODUCTS_DIR; };
		B7AD355520ABC2D8008FEB00 /* AppDelegate.swift */ = {isa = PBXFileReference; lastKnownFileType = sourcecode.swift; path = AppDelegate.swift; sourceTree = "<group>"; };
		B7AD355720ABC2D8008FEB00 /* ViewControler.swift */ = {isa = PBXFileReference; lastKnownFileType = sourcecode.swift; path = ViewControler.swift; sourceTree = "<group>"; };
		B7AD355A20ABC2D8008FEB00 /* Base */ = {isa = PBXFileReference; lastKnownFileType = file.storyboard; name = Base; path = Base.lproj/Main.storyboard; sourceTree = "<group>"; };
		B7AD355C20ABC2DA008FEB00 /* Assets.xcassets */ = {isa = PBXFileReference; lastKnownFileType = folder.assetcatalog; path = Assets.xcassets; sourceTree = "<group>"; };
		B7AD355F20ABC2DA008FEB00 /* Base */ = {isa = PBXFileReference; lastKnownFileType = file.storyboard; name = Base; path = Base.lproj/LaunchScreen.storyboard; sourceTree = "<group>"; };
		B7AD356120ABC2DA008FEB00 /* Info.plist */ = {isa = PBXFileReference; lastKnownFileType = text.plist.xml; path = Info.plist; sourceTree = "<group>"; };
		B7AD357120ABC811008FEB00 /* DetalhesViewController.swift */ = {isa = PBXFileReference; lastKnownFileType = sourcecode.swift; path = DetalhesViewController.swift; sourceTree = "<group>"; };
/* End PBXFileReference section */

/* Begin PBXFrameworksBuildPhase section */
		B7AD354F20ABC2D8008FEB00 /* Frameworks */ = {
			isa = PBXFrameworksBuildPhase;
			buildActionMask = 2147483647;
			files = (
			);
			runOnlyForDeploymentPostprocessing = 0;
		};
/* End PBXFrameworksBuildPhase section */

/* Begin PBXGroup section */
		B7AD354920ABC2D8008FEB00 = {
			isa = PBXGroup;
			children = (
				B7AD355420ABC2D8008FEB00 /* Cara ou Coroa */,
				B7AD355320ABC2D8008FEB00 /* Products */,
			);
			sourceTree = "<group>";
		};
		B7AD355320ABC2D8008FEB00 /* Products */ = {
			isa = PBXGroup;
			children = (
				B7AD355220ABC2D8008FEB00 /* Cara ou Coroa.app */,
			);
			name = Products;
			sourceTree = "<group>";
		};
		B7AD355420ABC2D8008FEB00 /* Cara ou Coroa */ = {
			isa = PBXGroup;
			children = (
				B7AD355520ABC2D8008FEB00 /* AppDelegate.swift */,
				B7AD357120ABC811008FEB00 /* DetalhesViewController.swift */,
				B7AD355720ABC2D8008FEB00 /* ViewControler.swift */,
				B7AD355920ABC2D8008FEB00 /* Main.storyboard */,
				B7AD355C20ABC2DA008FEB00 /* Assets.xcassets */,
				B7AD355E20ABC2DA008FEB00 /* LaunchScreen.storyboard */,
				B7AD356120ABC2DA008FEB00 /* Info.plist */,
			);
			path = "Cara ou Coroa";
			sourceTree = "<group>";
		};
/* End PBXGroup section */

/* Begin PBXNativeTarget section */
		B7AD355120ABC2D8008FEB00 /* Cara ou Coroa */ = {
			isa = PBXNativeTarget;
			buildConfigurationList = B7AD356420ABC2DA008FEB00 /* Build configuration list for PBXNativeTarget "Cara ou Coroa" */;
			buildPhases = (
				B7AD354E20ABC2D8008FEB00 /* Sources */,
				B7AD354F20ABC2D8008FEB00 /* Frameworks */,
				B7AD355020ABC2D8008FEB00 /* Resources */,
			);
			buildRules = (
			);
			dependencies = (
			);
			name = "Cara ou Coroa";
			productName = "Cara ou Coroa";
			productReference = B7AD355220ABC2D8008FEB00 /* Cara ou Coroa.app */;
			productType = "com.apple.product-type.application";
		};
/* End PBXNativeTarget section */

/* Begin PBXProject section */
		B7AD354A20ABC2D8008FEB00 /* Project object */ = {
			isa = PBXProject;
			attributes = {
				LastSwiftUpdateCheck = 0930;
				LastUpgradeCheck = 0930;
				ORGANIZATIONNAME = BlessCode;
				TargetAttributes = {
					B7AD355120ABC2D8008FEB00 = {
						CreatedOnToolsVersion = 9.3;
					};
				};
			};
			buildConfigurationList = B7AD354D20ABC2D8008FEB00 /* Build configuration list for PBXProject "Cara ou Coroa" */;
			compatibilityVersion = "Xcode 9.3";
			developmentRegion = en;
			hasScannedForEncodings = 0;
			knownRegions = (
				en,
				Base,
			);
			mainGroup = B7AD354920ABC2D8008FEB00;
			productRefGroup = B7AD355320ABC2D8008FEB00 /* Products */;
			projectDirPath = "";
			projectRoot = "";
			targets = (
				B7AD355120ABC2D8008FEB00 /* Cara ou Coroa */,
			);
		};
/* End PBXProject section */

/* Begin PBXResourcesBuildPhase section */
		B7AD355020ABC2D8008FEB00 /* Resources */ = {
			isa = PBXResourcesBuildPhase;
			buildActionMask = 2147483647;
			files = (
				B7AD356020ABC2DA008FEB00 /* LaunchScreen.storyboard in Resources */,
				B7AD355D20ABC2DA008FEB00 /* Assets.xcassets in Resources */,
				B7AD355B20ABC2D8008FEB00 /* Main.storyboard in Resources */,
			);
			runOnlyForDeploymentPostprocessing = 0;
		};
/* End PBXResourcesBuildPhase section */

/* Begin PBXSourcesBuildPhase section */
		B7AD354E20ABC2D8008FEB00 /* Sources */ = {
			isa = PBXSourcesBuildPhase;
			buildActionMask = 2147483647;
			files = (
				B7AD355820ABC2D8008FEB00 /* ViewControler.swift in Sources */,
				B7AD357220ABC811008FEB00 /* DetalhesViewController.swift in Sources */,
				B7AD355620ABC2D8008FEB00 /* AppDelegate.swift in Sources */,
			);
			runOnlyForDeploymentPostprocessing = 0;
		};
/* End PBXSourcesBuildPhase section */

/* Begin PBXVariantGroup section */
		B7AD355920ABC2D8008FEB00 /* Main.storyboard */ = {
			isa = PBXVariantGroup;
			children = (
				B7AD355A20ABC2D8008FEB00 /* Base */,
			);
			name = Main.storyboard;
			sourceTree = "<group>";
		};
		B7AD355E20ABC2DA008FEB00 /* LaunchScreen.storyboard */ = {
			isa = PBXVariantGroup;
			children = (
				B7AD355F20ABC2DA008FEB00 /* Base */,
			);
			name = LaunchScreen.storyboard;
			sourceTree = "<group>";
		};
/* End PBXVariantGroup section */

/* Begin XCBuildConfiguration section */
		B7AD356220ABC2DA008FEB00 /* Debug */ = {
			isa = XCBuildConfiguration;
			buildSettings = {
				ALWAYS_SEARCH_USER_PATHS = NO;
				CLANG_ANALYZER_NONNULL = YES;
				CLANG_ANALYZER_NUMBER_OBJECT_CONVERSION = YES_AGGRESSIVE;
				CLANG_CXX_LANGUAGE_STANDARD = "gnu++14";
				CLANG_CXX_LIBRARY = "libc++";
				CLANG_ENABLE_MODULES = YES;
				CLANG_ENABLE_OBJC_ARC = YES;
				CLANG_ENABLE_OBJC_WEAK = YES;
				CLANG_WARN_BLOCK_CAPTURE_AUTORELEASING = YES;
				CLANG_WARN_BOOL_CONVERSION = YES;
				CLANG_WARN_COMMA = YES;
				CLANG_WARN_CONSTANT_CONVERSION = YES;
				CLANG_WARN_DEPRECATED_OBJC_IMPLEMENTATIONS = YES;
				CLANG_WARN_DIRECT_OBJC_ISA_USAGE = YES_ERROR;
				CLANG_WARN_DOCUMENTATION_COMMENTS = YES;
				CLANG_WARN_EMPTY_BODY = YES;
				CLANG_WARN_ENUM_CONVERSION = YES;
				CLANG_WARN_INFINITE_RECURSION = YES;
				CLANG_WARN_INT_CONVERSION = YES;
				CLANG_WARN_NON_LITERAL_NULL_CONVERSION = YES;
				CLANG_WARN_OBJC_IMPLICIT_RETAIN_SELF = YES;
				CLANG_WARN_OBJC_LITERAL_CONVERSION = YES;
				CLANG_WARN_OBJC_ROOT_CLASS = YES_ERROR;
				CLANG_WARN_RANGE_LOOP_ANALYSIS = YES;
				CLANG_WARN_STRICT_PROTOTYPES = YES;
				CLANG_WARN_SUSPICIOUS_MOVE = YES;
				CLANG_WARN_UNGUARDED_AVAILABILITY = YES_AGGRESSIVE;
				CLANG_WARN_UNREACHABLE_CODE = YES;
				CLANG_WARN__DUPLICATE_METHOD_MATCH = YES;
				CODE_SIGN_IDENTITY = "iPhone Developer";
				COPY_PHASE_STRIP = NO;
				DEBUG_INFORMATION_FORMAT = dwarf;
				ENABLE_STRICT_OBJC_MSGSEND = YES;
				ENABLE_TESTABILITY = YES;
				GCC_C_LANGUAGE_STANDARD = gnu11;
				GCC_DYNAMIC_NO_PIC = NO;
				GCC_NO_COMMON_BLOCKS = YES;
				GCC_OPTIMIZATION_LEVEL = 0;
				GCC_PREPROCESSOR_DEFINITIONS = (
					"DEBUG=1",
					"$(inherited)",
				);
				GCC_WARN_64_TO_32_BIT_CONVERSION = YES;
				GCC_WARN_ABOUT_RETURN_TYPE = YES_ERROR;
				GCC_WARN_UNDECLARED_SELECTOR = YES;
				GCC_WARN_UNINITIALIZED_AUTOS = YES_AGGRESSIVE;
				GCC_WARN_UNUSED_FUNCTION = YES;
				GCC_WARN_UNUSED_VARIABLE = YES;
				IPHONEOS_DEPLOYMENT_TARGET = 11.3;
				MTL_ENABLE_DEBUG_INFO = YES;
				ONLY_ACTIVE_ARCH = YES;
				SDKROOT = iphoneos;
				SWIFT_ACTIVE_COMPILATION_CONDITIONS = DEBUG;
				SWIFT_OPTIMIZATION_LEVEL = "-Onone";
			};
			name = Debug;
		};
		B7AD356320ABC2DA008FEB00 /* Release */ = {
			isa = XCBuildConfiguration;
			buildSettings = {
				ALWAYS_SEARCH_USER_PATHS = NO;
				CLANG_ANALYZER_NONNULL = YES;
				CLANG_ANALYZER_NUMBER_OBJECT_CONVERSION = YES_AGGRESSIVE;
				CLANG_CXX_LANGUAGE_STANDARD = "gnu++14";
				CLANG_CXX_LIBRARY = "libc++";
				CLANG_ENABLE_MODULES = YES;
				CLANG_ENABLE_OBJC_ARC = YES;
				CLANG_ENABLE_OBJC_WEAK = YES;
				CLANG_WARN_BLOCK_CAPTURE_AUTORELEASING = YES;
				CLANG_WARN_BOOL_CONVERSION = YES;
				CLANG_WARN_COMMA = YES;
				CLANG_WARN_CONSTANT_CONVERSION = YES;
				CLANG_WARN_DEPRECATED_OBJC_IMPLEMENTATIONS = YES;
				CLANG_WARN_DIRECT_OBJC_ISA_USAGE = YES_ERROR;
				CLANG_WARN_DOCUMENTATION_COMMENTS = YES;
				CLANG_WARN_EMPTY_BODY = YES;
				CLANG_WARN_ENUM_CONVERSION = YES;
				CLANG_WARN_INFINITE_RECURSION = YES;
				CLANG_WARN_INT_CONVERSION = YES;
				CLANG_WARN_NON_LITERAL_NULL_CONVERSION = YES;
				CLANG_WARN_OBJC_IMPLICIT_RETAIN_SELF = YES;
				CLANG_WARN_OBJC_LITERAL_CONVERSION = YES;
				CLANG_WARN_OBJC_ROOT_CLASS = YES_ERROR;
				CLANG_WARN_RANGE_LOOP_ANALYSIS = YES;
				CLANG_WARN_STRICT_PROTOTYPES = YES;
				CLANG_WARN_SUSPICIOUS_MOVE = YES;
				CLANG_WARN_UNGUARDED_AVAILABILITY = YES_AGGRESSIVE;
				CLANG_WARN_UNREACHABLE_CODE = YES;
				CLANG_WARN__DUPLICATE_METHOD_MATCH = YES;
				CODE_SIGN_IDENTITY = "iPhone Developer";
				COPY_PHASE_STRIP = NO;
				DEBUG_INFORMATION_FORMAT = "dwarf-with-dsym";
				ENABLE_NS_ASSERTIONS = NO;
				ENABLE_STRICT_OBJC_MSGSEND = YES;
				GCC_C_LANGUAGE_STANDARD = gnu11;
				GCC_NO_COMMON_BLOCKS = YES;
				GCC_WARN_64_TO_32_BIT_CONVERSION = YES;
				GCC_WARN_ABOUT_RETURN_TYPE = YES_ERROR;
				GCC_WARN_UNDECLARED_SELECTOR = YES;
				GCC_WARN_UNINITIALIZED_AUTOS = YES_AGGRESSIVE;
				GCC_WARN_UNUSED_FUNCTION = YES;
				GCC_WARN_UNUSED_VARIABLE = YES;
				IPHONEOS_DEPLOYMENT_TARGET = 11.3;
				MTL_ENABLE_DEBUG_INFO = NO;
				SDKROOT = iphoneos;
				SWIFT_COMPILATION_MODE = wholemodule;
				SWIFT_OPTIMIZATION_LEVEL = "-O";
				VALIDATE_PRODUCT = YES;
			};
			name = Release;
		};
		B7AD356520ABC2DA008FEB00 /* Debug */ = {
			isa = XCBuildConfiguration;
			buildSettings = {
				ASSETCATALOG_COMPILER_APPICON_NAME = AppIcon;
				CODE_SIGN_STYLE = Automatic;
				INFOPLIST_FILE = "Cara ou Coroa/Info.plist";
				LD_RUNPATH_SEARCH_PATHS = (
					"$(inherited)",
					"@executable_path/Frameworks",
				);
				PRODUCT_BUNDLE_IDENTIFIER = "br.com.blesscode.Cara-ou-Coroa";
				PRODUCT_NAME = "$(TARGET_NAME)";
				SWIFT_VERSION = 4.0;
				TARGETED_DEVICE_FAMILY = "1,2";
			};
			name = Debug;
		};
		B7AD356620ABC2DA008FEB00 /* Release */ = {
			isa = XCBuildConfiguration;
			buildSettings = {
				ASSETCATALOG_COMPILER_APPICON_NAME = AppIcon;
				CODE_SIGN_STYLE = Automatic;
				INFOPLIST_FILE = "Cara ou Coroa/Info.plist";
				LD_RUNPATH_SEARCH_PATHS = (
					"$(inherited)",
					"@executable_path/Frameworks",
				);
				PRODUCT_BUNDLE_IDENTIFIER = "br.com.blesscode.Cara-ou-Coroa";
				PRODUCT_NAME = "$(TARGET_NAME)";
				SWIFT_VERSION = 4.0;
				TARGETED_DEVICE_FAMILY = "1,2";
			};
			name = Release;
		};
/* End XCBuildConfiguration section */

/* Begin XCConfigurationList section */
		B7AD354D20ABC2D8008FEB00 /* Build configuration list for PBXProject "Cara ou Coroa" */ = {
			isa = XCConfigurationList;
			buildConfigurations = (
				B7AD356220ABC2DA008FEB00 /* Debug */,
				B7AD356320ABC2DA008FEB00 /* Release */,
			);
			defaultConfigurationIsVisible = 0;
			defaultConfigurationName = Release;
		};
		B7AD356420ABC2DA008FEB00 /* Build configuration list for PBXNativeTarget "Cara ou Coroa" */ = {
			isa = XCConfigurationList;
			buildConfigurations = (
				B7AD356520ABC2DA008FEB00 /* Debug */,
				B7AD356620ABC2DA008FEB00 /* Release */,
			);
			defaultConfigurationIsVisible = 0;
			defaultConfigurationName = Release;
		};
/* End XCConfigurationList section */
	};
	rootObject = B7AD354A20ABC2D8008FEB00 /* Project object */;
}
